<?xml version="1.0" encoding="utf-8"?>
<Project ToolsVersion="4.0" xmlns="http://schemas.microsoft.com/developer/msbuild/2003">
  <ItemGroup>
    <Filter Include="Source Files">
      <UniqueIdentifier>{4FC737F1-C7A5-4376-A066-2A32D752A2FF}</UniqueIdentifier>
      <Extensions>cpp;c;cc;cxx;def;odl;idl;hpj;bat;asm;asmx</Extensions>
    </Filter>
    <Filter Include="Header Files">
      <UniqueIdentifier>{93995380-89BD-4b04-88EB-625FBE52EBFB}</UniqueIdentifier>
      <Extensions>h;hpp;hxx;hm;inl;inc;xsd</Extensions>
    </Filter>
    <Filter Include="Resource Files">
      <UniqueIdentifier>{67DA6AB6-F800-4c08-8B7A-83BB121AAD01}</UniqueIdentifier>
      <Extensions>rc;ico;cur;bmp;dlg;rc2;rct;bin;rgs;gif;jpg;jpeg;jpe;resx;tiff;tif;png;wav;mfcribbon-ms</Extensions>
    </Filter>
    <Filter Include="Attacher">
      <UniqueIdentifier>{d079a31c-afef-44aa-ba74-b427d5354a6c}</UniqueIdentifier>
    </Filter>
  </ItemGroup>
  <ItemGroup>
    <None Include="res\shellcode32.bin">
      <Filter>Resource Files</Filter>
    </None>
    <None Include="res\shellcode64rel.bin">
      <Filter>Resource Files</Filter>
    </None>
    <None Include="res\shellcode32rel.bin">
      <Filter>Resource Files</Filter>
    </None>
    <None Include="res\shellcode64.bin">
      <Filter>Resource Files</Filter>
    </None>
    <None Include="res\DLib Attacher.ico">
      <Filter>Resource Files</Filter>
    </None>
    <None Include="res\DLibAttacher.rc2">
      <Filter>Resource Files</Filter>
    </None>
  </ItemGroup>
  <ItemGroup>
    <ClInclude Include="DLibAttacherDlg.h">
      <Filter>Header Files</Filter>
    </ClInclude>
    <ClInclude Include="stdafx.h">
      <Filter>Header Files</Filter>
    </ClInclude>
    <ClInclude Include="targetver.h">
      <Filter>Header Files</Filter>
    </ClInclude>
    <ClInclude Include="Resource.h">
      <Filter>Header Files</Filter>
    </ClInclude>
    <ClInclude Include="DLibAttach.h">
      <Filter>Attacher</Filter>
    </ClInclude>
    <ClInclude Include="DLibShell.h">
      <Filter>Attacher</Filter>
    </ClInclude>
    <ClInclude Include="DLibShellStructs.h">
      <Filter>Attacher</Filter>
    </ClInclude>
    <ClInclude Include="ErrorHandler.h">
      <Filter>Attacher</Filter>
    </ClInclude>
    <ClInclude Include="PEManager.h">
      <Filter>Attacher</Filter>
    </ClInclude>
    <ClInclude Include="RelBuilder.h">
      <Filter>Attacher</Filter>
    </ClInclude>
    <ClInclude Include="ResPacker.h">
      <Filter>Attacher</Filter>
    </ClInclude>
    <ClInclude Include="DLibAttacher.h">
      <Filter>Header Files</Filter>
    </ClInclude>
    <ClInclude Include="DLibEditDlg.h">
      <Filter>Header Files</Filter>
    </ClInclude>
  </ItemGroup>
  <ItemGroup>
    <ClCompile Include="DLibAttacherDlg.cpp">
      <Filter>Source Files</Filter>
    </ClCompile>
    <ClCompile Include="stdafx.cpp">
      <Filter>Source Files</Filter>
    </ClCompile>
    <ClCompile Include="DLibAttach.cpp">
      <Filter>Attacher</Filter>
    </ClCompile>
    <ClCompile Include="DLibShell.cpp">
      <Filter>Attacher</Filter>
    </ClCompile>
    <ClCompile Include="ErrorHandler.cpp">
      <Filter>Attacher</Filter>
    </ClCompile>
    <ClCompile Include="PEManager.cpp">
      <Filter>Attacher</Filter>
    </ClCompile>
    <ClCompile Include="RelBuilder.cpp">
      <Filter>Attacher</Filter>
    </ClCompile>
    <ClCompile Include="ResPacker.cpp">
      <Filter>Attacher</Filter>
    </ClCompile>
    <ClCompile Include="DLibAttacher.cpp">
      <Filter>Source Files</Filter>
    </ClCompile>
    <ClCompile Include="DLibEditDlg.cpp">
      <Filter>Source Files</Filter>
    </ClCompile>
  </ItemGroup>
  <ItemGroup>
    <ResourceCompile Include="DLib Attacher.rc">
      <Filter>Resource Files</Filter>
    </ResourceCompile>
  </ItemGroup>
</Project>